<?xml version="1.0" encoding="utf-8"?>
<Project ToolsVersion="4.0" xmlns="http://schemas.microsoft.com/developer/msbuild/2003">
  <ItemGroup>
    <Filter Include="Strings">
      <UniqueIdentifier>{4FC737F1-C7A5-4376-A066-2A32D752A2FF}</UniqueIdentifier>
      <Extensions>cpp;c;cc;cxx;def;odl;idl;hpj;bat;asm;asmx</Extensions>
    </Filter>
    <Filter Include="Memory">
      <UniqueIdentifier>{67DA6AB6-F800-4c08-8B7A-83BB121AAD01}</UniqueIdentifier>
      <Extensions>rc;ico;cur;bmp;dlg;rc2;rct;bin;rgs;gif;jpg;jpeg;jpe;resx;tiff;tif;png;wav;mfcribbon-ms</Extensions>
    </Filter>
    <Filter Include="Breakpoint">
      <UniqueIdentifier>{2674ae3c-43e7-486a-aab7-4a457a598475}</UniqueIdentifier>
    </Filter>
    <Filter Include="Log">
      <UniqueIdentifier>{efaae973-0f48-45f9-830e-96553bb59c5f}</UniqueIdentifier>
    </Filter>
    <Filter Include="Classes">
      <UniqueIdentifier>{1fda085b-1fd6-4bc5-b86b-794d0706479c}</UniqueIdentifier>
    </Filter>
  </ItemGroup>
  <ItemGroup>
    <ClInclude Include="CALIB.h" />
    <ClInclude Include="Strings\Strings.h">
      <Filter>Strings</Filter>
    </ClInclude>
    <ClInclude Include="Memory\Memory.h">
      <Filter>Memory</Filter>
    </ClInclude>
    <ClInclude Include="Breakpoint\Breakpoint.h">
      <Filter>Breakpoint</Filter>
    </ClInclude>
    <ClInclude Include="Log\Log.h">
      <Filter>Log</Filter>
    </ClInclude>
    <ClInclude Include="Classes\WeaponMgr.h">
      <Filter>Classes</Filter>
    </ClInclude>
    <ClInclude Include="Classes\PlayerMgr.h">
      <Filter>Classes</Filter>
    </ClInclude>
    <ClInclude Include="Classes\GameClientShell.h">
      <Filter>Classes</Filter>
    </ClInclude>
    <ClInclude Include="Classes\SFXMgr.h">
      <Filter>Classes</Filter>
    </ClInclude>
    <ClInclude Include="Classes\LTModel.h">
      <Filter>Classes</Filter>
    </ClInclude>
    <ClInclude Include="Classes\Structs.h">
      <Filter>Classes</Filter>
    </ClInclude>
  </ItemGroup>
  <ItemGroup>
    <ClCompile Include="Strings\Strings.cpp">
      <Filter>Strings</Filter>
    </ClCompile>
    <ClCompile Include="Memory\Memory.cpp">
      <Filter>Memory</Filter>
    </ClCompile>
    <ClCompile Include="Breakpoint\Breakpoint.cpp">
      <Filter>Breakpoint</Filter>
    </ClCompile>
    <ClCompile Include="Log\Log.cpp">
      <Filter>Log</Filter>
    </ClCompile>
  </ItemGroup>
</Project>